<?xml version="1.0" encoding="utf-8"?>
<Project ToolsVersion="4.0" xmlns="http://schemas.microsoft.com/developer/msbuild/2003">
  <ItemGroup>
    <Filter Include="Source Files">
      <UniqueIdentifier>{4d764c47-a317-42c1-8e86-bb67b556b16c}</UniqueIdentifier>
      <Extensions>cpp;c;cxx;rc;def;r;odl;idl;hpj;bat</Extensions>
    </Filter>
    <Filter Include="Header Files">
      <UniqueIdentifier>{72944bb8-7632-412e-9782-4260b7093062}</UniqueIdentifier>
      <Extensions>h;hpp;hxx;hm;inl</Extensions>
    </Filter>
    <Filter Include="Resource Files">
      <UniqueIdentifier>{e1f81046-eb17-4cdd-bb96-3711ec88eb41}</UniqueIdentifier>
      <Extensions>ico;cur;bmp;dlg;rc2;rct;bin;rgs;gif;jpg;jpeg;jpe</Extensions>
    </Filter>
  </ItemGroup>
  <ItemGroup>
    <ClCompile Include="ArmoryPage.cpp">
      <Filter>Source Files</Filter>
    </ClCompile>
    <ClCompile Include="GranaryPage.cpp">
      <Filter>Source Files</Filter>
    </ClCompile>
    <ClCompile Include="HyperLink.cpp">
      <Filter>Source Files</Filter>
    </ClCompile>
    <ClCompile Include="InfoPage.cpp">
      <Filter>Source Files</Filter>
    </ClCompile>
    <ClCompile Include="ModuleInstance.cpp">
      <Filter>Source Files</Filter>
    </ClCompile>
    <ClCompile Include="MoneyPage.cpp">
      <Filter>Source Files</Filter>
    </ClCompile>
    <ClCompile Include="RawMaterialsPage.cpp">
      <Filter>Source Files</Filter>
    </ClCompile>
    <ClCompile Include="StdAfx.cpp">
      <Filter>Source Files</Filter>
    </ClCompile>
    <ClCompile Include="StockpilePage.cpp">
      <Filter>Source Files</Filter>
    </ClCompile>
    <ClCompile Include="StrongholdTrainer.cpp">
      <Filter>Source Files</Filter>
    </ClCompile>
    <ClCompile Include="TrainerDlg.cpp">
      <Filter>Source Files</Filter>
    </ClCompile>
    <ClCompile Include="TrainerSheet.cpp">
      <Filter>Source Files</Filter>
    </ClCompile>
    <ClCompile Include="Trainer.cpp">
      <Filter>Source Files</Filter>
    </ClCompile>
  </ItemGroup>
  <ItemGroup>
    <ResourceCompile Include="StrongholdTrainer.rc">
      <Filter>Source Files</Filter>
    </ResourceCompile>
  </ItemGroup>
  <ItemGroup>
    <ClInclude Include="ArmoryPage.h">
      <Filter>Header Files</Filter>
    </ClInclude>
    <ClInclude Include="GranaryPage.h">
      <Filter>Header Files</Filter>
    </ClInclude>
    <ClInclude Include="InfoPage.h">
      <Filter>Header Files</Filter>
    </ClInclude>
    <ClInclude Include="ModuleInstance.h">
      <Filter>Header Files</Filter>
    </ClInclude>
    <ClInclude Include="MoneyPage.h">
      <Filter>Header Files</Filter>
    </ClInclude>
    <ClInclude Include="RawMaterialsPage.h">
      <Filter>Header Files</Filter>
    </ClInclude>
    <ClInclude Include="Resource.h">
      <Filter>Header Files</Filter>
    </ClInclude>
    <ClInclude Include="StdAfx.h">
      <Filter>Header Files</Filter>
    </ClInclude>
    <ClInclude Include="StockpilePage.h">
      <Filter>Header Files</Filter>
    </ClInclude>
    <ClInclude Include="StrongholdTrainer.h">
      <Filter>Header Files</Filter>
    </ClInclude>
    <ClInclude Include="..\TrainerTest\Trainer.h">
      <Filter>Header Files</Filter>
    </ClInclude>
    <ClInclude Include="TrainerDlg.h">
      <Filter>Header Files</Filter>
    </ClInclude>
    <ClInclude Include="TrainerSheet.h">
      <Filter>Header Files</Filter>
    </ClInclude>
  </ItemGroup>
  <ItemGroup>
    <Image Include="res\ale.ico">
      <Filter>Resource Files</Filter>
    </Image>
    <Image Include="res\aniskins.ico">
      <Filter>Resource Files</Filter>
    </Image>
    <Image Include="res\bitmaplo.bmp">
      <Filter>Resource Files</Filter>
    </Image>
    <Image Include="res\bmp00001.bmp">
      <Filter>Resource Files</Filter>
    </Image>
    <Image Include="res\bmp00002.bmp">
      <Filter>Resource Files</Filter>
    </Image>
    <Image Include="res\crossbow.ico">
      <Filter>Resource Files</Filter>
    </Image>
    <Image Include="res\fillarmo.bmp">
      <Filter>Resource Files</Filter>
    </Image>
    <Image Include="res\fillgran.bmp">
      <Filter>Resource Files</Filter>
    </Image>
    <Image Include="res\flour.ico">
      <Filter>Resource Files</Filter>
    </Image>
    <Image Include="res\gold.ico">
      <Filter>Resource Files</Filter>
    </Image>
    <Image Include="res\ico00001.ico">
      <Filter>Resource Files</Filter>
    </Image>
    <Image Include="res\ico00002.ico">
      <Filter>Resource Files</Filter>
    </Image>
    <Image Include="res\ico00003.ico">
      <Filter>Resource Files</Filter>
    </Image>
    <Image Include="res\ico00004.ico">
      <Filter>Resource Files</Filter>
    </Image>
    <Image Include="res\ico00005.ico">
      <Filter>Resource Files</Filter>
    </Image>
    <Image Include="res\ico00006.ico">
      <Filter>Resource Files</Filter>
    </Image>
    <Image Include="res\ico00007.ico">
      <Filter>Resource Files</Filter>
    </Image>
    <Image Include="res\ico00008.ico">
      <Filter>Resource Files</Filter>
    </Image>
    <Image Include="res\ico00009.ico">
      <Filter>Resource Files</Filter>
    </Image>
    <Image Include="res\ico00010.ico">
      <Filter>Resource Files</Filter>
    </Image>
    <Image Include="res\icon1.ico">
      <Filter>Resource Files</Filter>
    </Image>
    <Image Include="res\iron.ico">
      <Filter>Resource Files</Filter>
    </Image>
    <Image Include="res\mace.ico">
      <Filter>Resource Files</Filter>
    </Image>
    <Image Include="res\metalarm.ico">
      <Filter>Resource Files</Filter>
    </Image>
    <Image Include="res\pike.ico">
      <Filter>Resource Files</Filter>
    </Image>
    <Image Include="res\pitch.ico">
      <Filter>Resource Files</Filter>
    </Image>
    <Image Include="res\stone.ico">
      <Filter>Resource Files</Filter>
    </Image>
    <Image Include="res\strongho.bmp">
      <Filter>Resource Files</Filter>
    </Image>
    <Image Include="res\StrongholdTrainer.ico">
      <Filter>Resource Files</Filter>
    </Image>
  </ItemGroup>
  <ItemGroup>
    <None Include="res\StrongholdTrainer.rc2">
      <Filter>Resource Files</Filter>
    </None>
  </ItemGroup>
  <ItemGroup>
    <Text Include="ReadMe.txt" />
  </ItemGroup>
</Project>